
Microsoft Visual Studio Solution File, Format Version 12.00
# Visual Studio Version 17
VisualStudioVersion = 17.4.33122.133
MinimumVisualStudioVersion = 10.0.40219.1
Project("{FAE04EC0-301F-11D3-BF4B-00C04F79EFBC}") = "Otus_HW10_SOLID", "Otus_HW10_SOLID.csproj", "{51BF4825-9AA8-425E-9408-2CD4467E7CFA}"
EndProject
Global
	GlobalSection(SolutionConfigurationPlatforms) = preSolution
		Debug|Any CPU = Debug|Any CPU
		Release|Any CPU = Release|Any CPU
	EndGlobalSection
	GlobalSection(ProjectConfigurationPlatforms) = postSolution
		{51BF4825-9AA8-425E-9408-2CD4467E7CFA}.Debug|Any CPU.ActiveCfg = Debug|Any CPU
		{51BF4825-9AA8-425E-9408-2CD4467E7CFA}.Debug|Any CPU.Build.0 = Debug|Any CPU
		{51BF4825-9AA8-425E-9408-2CD4467E7CFA}.Release|Any CPU.ActiveCfg = Release|Any CPU
		{51BF4825-9AA8-425E-9408-2CD4467E7CFA}.Release|Any CPU.Build.0 = Release|Any CPU
	EndGlobalSection
	GlobalSection(SolutionProperties) = preSolution
		HideSolutionNode = FALSE
	EndGlobalSection
	GlobalSection(ExtensibilityGlobals) = postSolution
		SolutionGuid = {C85B6401-E5CB-404C-90CF-CAA714F3068F}
	EndGlobalSection
EndGlobal
